{
  "name": "examples",
  "version": "1.0.0",
  "lockfileVersion": 1,
  "requires": true,
  "dependencies": {
    "@rbxts/services": {
      "version": "1.0.28",
      "resolved": "https://registry.npmjs.org/@rbxts/services/-/services-1.0.28.tgz",
      "integrity": "sha512-8dcUNzkai0C6XtRTBiij8Rv0KQfveKXPeBeSaqRiCY8vOWvHUPHa43nA5NkJh1T1ljej8wgrVs5QPcYD4cSKAg=="
    },
    "@rbxts/types": {
      "version": "1.0.211",
      "resolved": "https://registry.npmjs.org/@rbxts/types/-/types-1.0.211.tgz",
      "integrity": "sha512-MIamJfw/m1TeNg8yvqs09lZ3/tkU0nf4mF4pf8tBPNsLOv5QIwbbb7MBjHb1e1FPYG9IcFRYAw3+8B1hxSth4Q=="
    }
  }
}
